
Microsoft Visual Studio Solution File, Format Version 12.00
# Visual Studio Version 17
VisualStudioVersion = 17.8.34601.278
MinimumVisualStudioVersion = 10.0.40219.1
Project("{2150E333-8FDC-42A3-9474-1A3956D46DE8}") = "src", "src", "{04D7E808-6F57-45E0-9791-DCC9E1E11C4D}"
EndProject
Project("{2150E333-8FDC-42A3-9474-1A3956D46DE8}") = "BuildingBlocks", "BuildingBlocks", "{038D3F65-E464-4BE0-B4EE-B1C0A962FCD8}"
EndProject
Project("{2150E333-8FDC-42A3-9474-1A3956D46DE8}") = "Common", "Common", "{2F74D2C9-5F84-4FF2-99CB-F81F8DB45D4F}"
EndProject
Project("{2150E333-8FDC-42A3-9474-1A3956D46DE8}") = "Microservices", "Microservices", "{7C07E962-BB84-4535-98A0-9329C8B5398B}"
EndProject
Project("{9A19103F-16F7-4668-BE54-9A1E7A4F7556}") = "GatewayGrpcService", "GatewayGrpcService\GatewayGrpcService.csproj", "{61D47A36-0073-494D-A44B-7E5D99D33296}"
EndProject
Project("{E53339B2-1760-4266-BCC7-CA923CBCF16C}") = "docker-compose", "docker-compose.dcproj", "{FF057947-2DEE-477C-AAE1-595750AA2403}"
EndProject
Project("{9A19103F-16F7-4668-BE54-9A1E7A4F7556}") = "EventBus", "..\..\BuildingBlocks\EventBus\EventBus.csproj", "{2B5554C4-8D3E-4978-A04B-66A9D960DF44}"
EndProject
Project("{9A19103F-16F7-4668-BE54-9A1E7A4F7556}") = "EventBusRabbitMQ", "..\..\BuildingBlocks\EventBusRabbitMQ\EventBusRabbitMQ.csproj", "{25F9CC50-5627-495E-867D-6BC15F4DE607}"
EndProject
Project("{9A19103F-16F7-4668-BE54-9A1E7A4F7556}") = "IntegrationEventLogEF", "..\..\BuildingBlocks\IntegrationEventLogEF\IntegrationEventLogEF.csproj", "{D982EAAD-63FB-4F78-855C-0442E1C83F0C}"
EndProject
Project("{9A19103F-16F7-4668-BE54-9A1E7A4F7556}") = "Events.Common", "..\..\Common\Events.Common\Events.Common.csproj", "{EFD581FD-068B-41C1-8F93-604AB533C9DE}"
EndProject
Project("{9A19103F-16F7-4668-BE54-9A1E7A4F7556}") = "Services.Common", "..\..\Common\Services.Common\Services.Common.csproj", "{275FE55E-8DB3-4C1E-8733-51EB80B3916B}"
EndProject
Global
	GlobalSection(SolutionConfigurationPlatforms) = preSolution
		Debug|Any CPU = Debug|Any CPU
		Release|Any CPU = Release|Any CPU
	EndGlobalSection
	GlobalSection(ProjectConfigurationPlatforms) = postSolution
		{61D47A36-0073-494D-A44B-7E5D99D33296}.Debug|Any CPU.ActiveCfg = Debug|Any CPU
		{61D47A36-0073-494D-A44B-7E5D99D33296}.Debug|Any CPU.Build.0 = Debug|Any CPU
		{61D47A36-0073-494D-A44B-7E5D99D33296}.Release|Any CPU.ActiveCfg = Release|Any CPU
		{61D47A36-0073-494D-A44B-7E5D99D33296}.Release|Any CPU.Build.0 = Release|Any CPU
		{FF057947-2DEE-477C-AAE1-595750AA2403}.Debug|Any CPU.ActiveCfg = Debug|Any CPU
		{FF057947-2DEE-477C-AAE1-595750AA2403}.Debug|Any CPU.Build.0 = Debug|Any CPU
		{FF057947-2DEE-477C-AAE1-595750AA2403}.Release|Any CPU.ActiveCfg = Release|Any CPU
		{FF057947-2DEE-477C-AAE1-595750AA2403}.Release|Any CPU.Build.0 = Release|Any CPU
		{2B5554C4-8D3E-4978-A04B-66A9D960DF44}.Debug|Any CPU.ActiveCfg = Debug|Any CPU
		{2B5554C4-8D3E-4978-A04B-66A9D960DF44}.Debug|Any CPU.Build.0 = Debug|Any CPU
		{2B5554C4-8D3E-4978-A04B-66A9D960DF44}.Release|Any CPU.ActiveCfg = Release|Any CPU
		{2B5554C4-8D3E-4978-A04B-66A9D960DF44}.Release|Any CPU.Build.0 = Release|Any CPU
		{25F9CC50-5627-495E-867D-6BC15F4DE607}.Debug|Any CPU.ActiveCfg = Debug|Any CPU
		{25F9CC50-5627-495E-867D-6BC15F4DE607}.Debug|Any CPU.Build.0 = Debug|Any CPU
		{25F9CC50-5627-495E-867D-6BC15F4DE607}.Release|Any CPU.ActiveCfg = Release|Any CPU
		{25F9CC50-5627-495E-867D-6BC15F4DE607}.Release|Any CPU.Build.0 = Release|Any CPU
		{D982EAAD-63FB-4F78-855C-0442E1C83F0C}.Debug|Any CPU.ActiveCfg = Debug|Any CPU
		{D982EAAD-63FB-4F78-855C-0442E1C83F0C}.Debug|Any CPU.Build.0 = Debug|Any CPU
		{D982EAAD-63FB-4F78-855C-0442E1C83F0C}.Release|Any CPU.ActiveCfg = Release|Any CPU
		{D982EAAD-63FB-4F78-855C-0442E1C83F0C}.Release|Any CPU.Build.0 = Release|Any CPU
		{EFD581FD-068B-41C1-8F93-604AB533C9DE}.Debug|Any CPU.ActiveCfg = Debug|Any CPU
		{EFD581FD-068B-41C1-8F93-604AB533C9DE}.Debug|Any CPU.Build.0 = Debug|Any CPU
		{EFD581FD-068B-41C1-8F93-604AB533C9DE}.Release|Any CPU.ActiveCfg = Release|Any CPU
		{EFD581FD-068B-41C1-8F93-604AB533C9DE}.Release|Any CPU.Build.0 = Release|Any CPU
		{275FE55E-8DB3-4C1E-8733-51EB80B3916B}.Debug|Any CPU.ActiveCfg = Debug|Any CPU
		{275FE55E-8DB3-4C1E-8733-51EB80B3916B}.Debug|Any CPU.Build.0 = Debug|Any CPU
		{275FE55E-8DB3-4C1E-8733-51EB80B3916B}.Release|Any CPU.ActiveCfg = Release|Any CPU
		{275FE55E-8DB3-4C1E-8733-51EB80B3916B}.Release|Any CPU.Build.0 = Release|Any CPU
	EndGlobalSection
	GlobalSection(SolutionProperties) = preSolution
		HideSolutionNode = FALSE
	EndGlobalSection
	GlobalSection(NestedProjects) = preSolution
		{038D3F65-E464-4BE0-B4EE-B1C0A962FCD8} = {04D7E808-6F57-45E0-9791-DCC9E1E11C4D}
		{2F74D2C9-5F84-4FF2-99CB-F81F8DB45D4F} = {04D7E808-6F57-45E0-9791-DCC9E1E11C4D}
		{7C07E962-BB84-4535-98A0-9329C8B5398B} = {04D7E808-6F57-45E0-9791-DCC9E1E11C4D}
		{61D47A36-0073-494D-A44B-7E5D99D33296} = {7C07E962-BB84-4535-98A0-9329C8B5398B}
		{2B5554C4-8D3E-4978-A04B-66A9D960DF44} = {038D3F65-E464-4BE0-B4EE-B1C0A962FCD8}
		{25F9CC50-5627-495E-867D-6BC15F4DE607} = {038D3F65-E464-4BE0-B4EE-B1C0A962FCD8}
		{D982EAAD-63FB-4F78-855C-0442E1C83F0C} = {038D3F65-E464-4BE0-B4EE-B1C0A962FCD8}
		{EFD581FD-068B-41C1-8F93-604AB533C9DE} = {2F74D2C9-5F84-4FF2-99CB-F81F8DB45D4F}
		{275FE55E-8DB3-4C1E-8733-51EB80B3916B} = {2F74D2C9-5F84-4FF2-99CB-F81F8DB45D4F}
	EndGlobalSection
	GlobalSection(ExtensibilityGlobals) = postSolution
		SolutionGuid = {F475FC4F-1B29-42CB-BEB1-AC01DA7BBF7A}
	EndGlobalSection
EndGlobal
