
Microsoft Visual Studio Solution File, Format Version 12.00
# Visual Studio Version 17
VisualStudioVersion = 17.8.34601.278
MinimumVisualStudioVersion = 10.0.40219.1
Project("{2150E333-8FDC-42A3-9474-1A3956D46DE8}") = "src", "src", "{04D7E808-6F57-45E0-9791-DCC9E1E11C4D}"
EndProject
Project("{2150E333-8FDC-42A3-9474-1A3956D46DE8}") = "BuildingBlocks", "BuildingBlocks", "{038D3F65-E464-4BE0-B4EE-B1C0A962FCD8}"
EndProject
Project("{2150E333-8FDC-42A3-9474-1A3956D46DE8}") = "Common", "Common", "{2F74D2C9-5F84-4FF2-99CB-F81F8DB45D4F}"
EndProject
Project("{2150E333-8FDC-42A3-9474-1A3956D46DE8}") = "Microservices", "Microservices", "{7C07E962-BB84-4535-98A0-9329C8B5398B}"
EndProject
Project("{9A19103F-16F7-4668-BE54-9A1E7A4F7556}") = "GatewayGrpcService", "GatewayGrpcService\GatewayGrpcService.csproj", "{61D47A36-0073-494D-A44B-7E5D99D33296}"
EndProject
Project("{E53339B2-1760-4266-BCC7-CA923CBCF16C}") = "docker-compose", "docker-compose.dcproj", "{FF057947-2DEE-477C-AAE1-595750AA2403}"
EndProject
Project("{9A19103F-16F7-4668-BE54-9A1E7A4F7556}") = "EventBus", "BuildingBlocks\EventBus\EventBus.csproj", "{319C7D8D-9610-4418-88AE-CB86C4D5ED41}"
EndProject
Project("{9A19103F-16F7-4668-BE54-9A1E7A4F7556}") = "EventBusServiceBus", "BuildingBlocks\EventBusServiceBus\EventBusServiceBus.csproj", "{B9A79322-F9D6-44CE-AA1A-06E1907F7B1D}"
EndProject
Project("{9A19103F-16F7-4668-BE54-9A1E7A4F7556}") = "IntegrationEventLogEF", "BuildingBlocks\IntegrationEventLogEF\IntegrationEventLogEF.csproj", "{6677B770-D390-44F5-AA06-F632C5C013D2}"
EndProject
Project("{9A19103F-16F7-4668-BE54-9A1E7A4F7556}") = "Events.Common", "Common\Events.Common\Events.Common.csproj", "{EDF96A38-5EE4-43CB-8441-FB380D1D3AB2}"
EndProject
Project("{9A19103F-16F7-4668-BE54-9A1E7A4F7556}") = "Services.Common", "Common\Services.Common\Services.Common.csproj", "{809B0827-A752-4BBF-B8B9-05DBFA3BE140}"
EndProject
Project("{9A19103F-16F7-4668-BE54-9A1E7A4F7556}") = "EventBusRabbitMQ", "BuildingBlocks\EventBusRabbitMQ\EventBusRabbitMQ.csproj", "{41F696EA-6B8A-42EA-BD25-980C003EA078}"
EndProject
Global
	GlobalSection(SolutionConfigurationPlatforms) = preSolution
		Debug|Any CPU = Debug|Any CPU
		Release|Any CPU = Release|Any CPU
	EndGlobalSection
	GlobalSection(ProjectConfigurationPlatforms) = postSolution
		{61D47A36-0073-494D-A44B-7E5D99D33296}.Debug|Any CPU.ActiveCfg = Debug|Any CPU
		{61D47A36-0073-494D-A44B-7E5D99D33296}.Debug|Any CPU.Build.0 = Debug|Any CPU
		{61D47A36-0073-494D-A44B-7E5D99D33296}.Release|Any CPU.ActiveCfg = Release|Any CPU
		{61D47A36-0073-494D-A44B-7E5D99D33296}.Release|Any CPU.Build.0 = Release|Any CPU
		{FF057947-2DEE-477C-AAE1-595750AA2403}.Debug|Any CPU.ActiveCfg = Debug|Any CPU
		{FF057947-2DEE-477C-AAE1-595750AA2403}.Debug|Any CPU.Build.0 = Debug|Any CPU
		{FF057947-2DEE-477C-AAE1-595750AA2403}.Release|Any CPU.ActiveCfg = Release|Any CPU
		{FF057947-2DEE-477C-AAE1-595750AA2403}.Release|Any CPU.Build.0 = Release|Any CPU
		{319C7D8D-9610-4418-88AE-CB86C4D5ED41}.Debug|Any CPU.ActiveCfg = Debug|Any CPU
		{319C7D8D-9610-4418-88AE-CB86C4D5ED41}.Debug|Any CPU.Build.0 = Debug|Any CPU
		{319C7D8D-9610-4418-88AE-CB86C4D5ED41}.Release|Any CPU.ActiveCfg = Release|Any CPU
		{319C7D8D-9610-4418-88AE-CB86C4D5ED41}.Release|Any CPU.Build.0 = Release|Any CPU
		{B9A79322-F9D6-44CE-AA1A-06E1907F7B1D}.Debug|Any CPU.ActiveCfg = Debug|Any CPU
		{B9A79322-F9D6-44CE-AA1A-06E1907F7B1D}.Debug|Any CPU.Build.0 = Debug|Any CPU
		{B9A79322-F9D6-44CE-AA1A-06E1907F7B1D}.Release|Any CPU.ActiveCfg = Release|Any CPU
		{B9A79322-F9D6-44CE-AA1A-06E1907F7B1D}.Release|Any CPU.Build.0 = Release|Any CPU
		{6677B770-D390-44F5-AA06-F632C5C013D2}.Debug|Any CPU.ActiveCfg = Debug|Any CPU
		{6677B770-D390-44F5-AA06-F632C5C013D2}.Debug|Any CPU.Build.0 = Debug|Any CPU
		{6677B770-D390-44F5-AA06-F632C5C013D2}.Release|Any CPU.ActiveCfg = Release|Any CPU
		{6677B770-D390-44F5-AA06-F632C5C013D2}.Release|Any CPU.Build.0 = Release|Any CPU
		{EDF96A38-5EE4-43CB-8441-FB380D1D3AB2}.Debug|Any CPU.ActiveCfg = Debug|Any CPU
		{EDF96A38-5EE4-43CB-8441-FB380D1D3AB2}.Debug|Any CPU.Build.0 = Debug|Any CPU
		{EDF96A38-5EE4-43CB-8441-FB380D1D3AB2}.Release|Any CPU.ActiveCfg = Release|Any CPU
		{EDF96A38-5EE4-43CB-8441-FB380D1D3AB2}.Release|Any CPU.Build.0 = Release|Any CPU
		{809B0827-A752-4BBF-B8B9-05DBFA3BE140}.Debug|Any CPU.ActiveCfg = Debug|Any CPU
		{809B0827-A752-4BBF-B8B9-05DBFA3BE140}.Debug|Any CPU.Build.0 = Debug|Any CPU
		{809B0827-A752-4BBF-B8B9-05DBFA3BE140}.Release|Any CPU.ActiveCfg = Release|Any CPU
		{809B0827-A752-4BBF-B8B9-05DBFA3BE140}.Release|Any CPU.Build.0 = Release|Any CPU
		{41F696EA-6B8A-42EA-BD25-980C003EA078}.Debug|Any CPU.ActiveCfg = Debug|Any CPU
		{41F696EA-6B8A-42EA-BD25-980C003EA078}.Debug|Any CPU.Build.0 = Debug|Any CPU
		{41F696EA-6B8A-42EA-BD25-980C003EA078}.Release|Any CPU.ActiveCfg = Release|Any CPU
		{41F696EA-6B8A-42EA-BD25-980C003EA078}.Release|Any CPU.Build.0 = Release|Any CPU
	EndGlobalSection
	GlobalSection(SolutionProperties) = preSolution
		HideSolutionNode = FALSE
	EndGlobalSection
	GlobalSection(NestedProjects) = preSolution
		{038D3F65-E464-4BE0-B4EE-B1C0A962FCD8} = {04D7E808-6F57-45E0-9791-DCC9E1E11C4D}
		{2F74D2C9-5F84-4FF2-99CB-F81F8DB45D4F} = {04D7E808-6F57-45E0-9791-DCC9E1E11C4D}
		{7C07E962-BB84-4535-98A0-9329C8B5398B} = {04D7E808-6F57-45E0-9791-DCC9E1E11C4D}
		{61D47A36-0073-494D-A44B-7E5D99D33296} = {7C07E962-BB84-4535-98A0-9329C8B5398B}
		{319C7D8D-9610-4418-88AE-CB86C4D5ED41} = {038D3F65-E464-4BE0-B4EE-B1C0A962FCD8}
		{B9A79322-F9D6-44CE-AA1A-06E1907F7B1D} = {038D3F65-E464-4BE0-B4EE-B1C0A962FCD8}
		{6677B770-D390-44F5-AA06-F632C5C013D2} = {038D3F65-E464-4BE0-B4EE-B1C0A962FCD8}
		{EDF96A38-5EE4-43CB-8441-FB380D1D3AB2} = {2F74D2C9-5F84-4FF2-99CB-F81F8DB45D4F}
		{809B0827-A752-4BBF-B8B9-05DBFA3BE140} = {2F74D2C9-5F84-4FF2-99CB-F81F8DB45D4F}
		{41F696EA-6B8A-42EA-BD25-980C003EA078} = {038D3F65-E464-4BE0-B4EE-B1C0A962FCD8}
	EndGlobalSection
	GlobalSection(ExtensibilityGlobals) = postSolution
		SolutionGuid = {F475FC4F-1B29-42CB-BEB1-AC01DA7BBF7A}
	EndGlobalSection
EndGlobal
